{
  "name": "root",
  "version": "0.0.0",
  "lockfileVersion": 1,
  "requires": true,
  "dependencies": {
    "dotenv": {
      "version": "6.2.0",
      "resolved": "https://registry.npmjs.org/dotenv/-/dotenv-6.2.0.tgz",
      "integrity": "sha512-HygQCKUBSFl8wKQZBSemMywRWcEDNidvNbjGVyZu3nbZ8qq9ubiPoGLMdRDpfSrpkkm9BXYFkpKxxFX38o/76w==",
      "dev": true
    },
    "package-json-help": {
      "version": "0.0.11",
      "resolved": "https://registry.npmjs.org/package-json-help/-/package-json-help-0.0.11.tgz",
      "integrity": "sha512-bIgotmMSmuOkCciA8O8kmwJiqlbGgjZy5afiBVmE4Xasm7LKtE1I0lF9mI9X+5IHlCq/ZVpUHYAkCec5tpI7PQ==",
      "dev": true,
      "requires": {
        "dotenv": "^6.0.0"
      }
    }
  }
}
